
Microsoft Visual Studio Solution File, Format Version 12.00
Project("{FAE04EC0-301F-11D3-BF4B-00C04F79EFBC}") = "MediatorPattern", "MediatorPattern\MediatorPattern.csproj", "{EAE296B4-25F0-45C9-989A-0A4ABC3FA1A8}"
EndProject
Global
	GlobalSection(SolutionConfigurationPlatforms) = preSolution
		Debug|Any CPU = Debug|Any CPU
		Release|Any CPU = Release|Any CPU
	EndGlobalSection
	GlobalSection(ProjectConfigurationPlatforms) = postSolution
		{EAE296B4-25F0-45C9-989A-0A4ABC3FA1A8}.Debug|Any CPU.ActiveCfg = Debug|Any CPU
		{EAE296B4-25F0-45C9-989A-0A4ABC3FA1A8}.Debug|Any CPU.Build.0 = Debug|Any CPU
		{EAE296B4-25F0-45C9-989A-0A4ABC3FA1A8}.Release|Any CPU.ActiveCfg = Release|Any CPU
		{EAE296B4-25F0-45C9-989A-0A4ABC3FA1A8}.Release|Any CPU.Build.0 = Release|Any CPU
	EndGlobalSection
EndGlobal
